
Microsoft Visual Studio Solution File, Format Version 12.00
# Visual Studio Version 17
VisualStudioVersion = 17.3.32922.545
MinimumVisualStudioVersion = 10.0.40219.1
Project("{FAE04EC0-301F-11D3-BF4B-00C04F79EFBC}") = "Exercise5.0", "Exercise5.0\Exercise5.0.csproj", "{60D8CB01-05AD-4540-BB8B-B899D8CC67D6}"
EndProject
Global
	GlobalSection(SolutionConfigurationPlatforms) = preSolution
		Debug|Any CPU = Debug|Any CPU
		Release|Any CPU = Release|Any CPU
	EndGlobalSection
	GlobalSection(ProjectConfigurationPlatforms) = postSolution
		{60D8CB01-05AD-4540-BB8B-B899D8CC67D6}.Debug|Any CPU.ActiveCfg = Debug|Any CPU
		{60D8CB01-05AD-4540-BB8B-B899D8CC67D6}.Debug|Any CPU.Build.0 = Debug|Any CPU
		{60D8CB01-05AD-4540-BB8B-B899D8CC67D6}.Release|Any CPU.ActiveCfg = Release|Any CPU
		{60D8CB01-05AD-4540-BB8B-B899D8CC67D6}.Release|Any CPU.Build.0 = Release|Any CPU
	EndGlobalSection
	GlobalSection(SolutionProperties) = preSolution
		HideSolutionNode = FALSE
	EndGlobalSection
	GlobalSection(ExtensibilityGlobals) = postSolution
		SolutionGuid = {A3FC93FD-272D-4AC5-9CA6-76781D5D4251}
	EndGlobalSection
EndGlobal
